
Microsoft Visual Studio Solution File, Format Version 12.00
# Visual Studio Version 17
VisualStudioVersion = 17.7.34031.279
MinimumVisualStudioVersion = 10.0.40219.1
Project("{2150E333-8FDC-42A3-9474-1A3956D46DE8}") = "API", "API", "{992F7463-E1E6-4A59-A83B-445F9CCDF93C}"
EndProject
Project("{FAE04EC0-301F-11D3-BF4B-00C04F79EFBC}") = "ProductionPlanAPI", "..\ProductionPlanAPI\ProductionPlanAPI.csproj", "{2E2FA528-5BDC-40A7-AE0E-6BCBED6405A0}"
EndProject
Global
	GlobalSection(SolutionConfigurationPlatforms) = preSolution
		Debug|Any CPU = Debug|Any CPU
		Release|Any CPU = Release|Any CPU
	EndGlobalSection
	GlobalSection(ProjectConfigurationPlatforms) = postSolution
		{2E2FA528-5BDC-40A7-AE0E-6BCBED6405A0}.Debug|Any CPU.ActiveCfg = Debug|Any CPU
		{2E2FA528-5BDC-40A7-AE0E-6BCBED6405A0}.Debug|Any CPU.Build.0 = Debug|Any CPU
		{2E2FA528-5BDC-40A7-AE0E-6BCBED6405A0}.Release|Any CPU.ActiveCfg = Release|Any CPU
		{2E2FA528-5BDC-40A7-AE0E-6BCBED6405A0}.Release|Any CPU.Build.0 = Release|Any CPU
	EndGlobalSection
	GlobalSection(SolutionProperties) = preSolution
		HideSolutionNode = FALSE
	EndGlobalSection
	GlobalSection(NestedProjects) = preSolution
		{2E2FA528-5BDC-40A7-AE0E-6BCBED6405A0} = {992F7463-E1E6-4A59-A83B-445F9CCDF93C}
	EndGlobalSection
	GlobalSection(ExtensibilityGlobals) = postSolution
		SolutionGuid = {7183649D-2C60-4C8E-815E-E239E0E759BD}
	EndGlobalSection
EndGlobal
